
Microsoft Visual Studio Solution File, Format Version 12.00
# Visual Studio Version 17
VisualStudioVersion = 17.4.33213.308
MinimumVisualStudioVersion = 10.0.40219.1
Project("{FAE04EC0-301F-11D3-BF4B-00C04F79EFBC}") = "WPF_Binding", "WPF_Binding\WPF_Binding.csproj", "{21D0B324-DDCB-4F62-93F6-2BA7BF58FB6E}"
EndProject
Global
	GlobalSection(SolutionConfigurationPlatforms) = preSolution
		Debug|Any CPU = Debug|Any CPU
		Release|Any CPU = Release|Any CPU
	EndGlobalSection
	GlobalSection(ProjectConfigurationPlatforms) = postSolution
		{21D0B324-DDCB-4F62-93F6-2BA7BF58FB6E}.Debug|Any CPU.ActiveCfg = Debug|Any CPU
		{21D0B324-DDCB-4F62-93F6-2BA7BF58FB6E}.Debug|Any CPU.Build.0 = Debug|Any CPU
		{21D0B324-DDCB-4F62-93F6-2BA7BF58FB6E}.Release|Any CPU.ActiveCfg = Release|Any CPU
		{21D0B324-DDCB-4F62-93F6-2BA7BF58FB6E}.Release|Any CPU.Build.0 = Release|Any CPU
	EndGlobalSection
	GlobalSection(SolutionProperties) = preSolution
		HideSolutionNode = FALSE
	EndGlobalSection
	GlobalSection(ExtensibilityGlobals) = postSolution
		SolutionGuid = {3F944301-89DC-407C-8198-D01ADD7AA298}
	EndGlobalSection
EndGlobal
